
Microsoft Visual Studio Solution File, Format Version 12.00
# Visual Studio Version 17
VisualStudioVersion = 17.4.33205.214
MinimumVisualStudioVersion = 10.0.40219.1
Project("{9A19103F-16F7-4668-BE54-9A1E7A4F7556}") = "MySuperShop", "MySuperShop\MySuperShop.csproj", "{81C97105-EAEB-44EE-B77B-F6B8F7B2C399}"
EndProject
Project("{9A19103F-16F7-4668-BE54-9A1E7A4F7556}") = "MySuperShop.WebApi", "MySuperShop.WebApi\MySuperShop.WebApi.csproj", "{01133CA1-B18C-41BB-8BDC-0268DFCA6CA0}"
EndProject
Project("{FAE04EC0-301F-11D3-BF4B-00C04F79EFBC}") = "MySuperShop.HttpApiClient", "MySuperShop.HttpApiClient\MySuperShop.HttpApiClient.csproj", "{2EC91577-68D1-461F-B7F1-99C4B9354F52}"
EndProject
Project("{FAE04EC0-301F-11D3-BF4B-00C04F79EFBC}") = "MySuperShop.HttpModels", "MySuperShop.HttpModels\MySuperShop.HttpModels.csproj", "{D6E7673A-BDD8-48FE-A2F4-8E0FA4C9E082}"
EndProject
Project("{FAE04EC0-301F-11D3-BF4B-00C04F79EFBC}") = "MySuperShop.Domain", "MySuperShop.Domain\MySuperShop.Domain.csproj", "{6532B4C0-DC77-49BE-8B1C-330A4E63232C}"
EndProject
Global
	GlobalSection(SolutionConfigurationPlatforms) = preSolution
		Debug|Any CPU = Debug|Any CPU
		Release|Any CPU = Release|Any CPU
	EndGlobalSection
	GlobalSection(ProjectConfigurationPlatforms) = postSolution
		{81C97105-EAEB-44EE-B77B-F6B8F7B2C399}.Debug|Any CPU.ActiveCfg = Debug|Any CPU
		{81C97105-EAEB-44EE-B77B-F6B8F7B2C399}.Debug|Any CPU.Build.0 = Debug|Any CPU
		{81C97105-EAEB-44EE-B77B-F6B8F7B2C399}.Release|Any CPU.ActiveCfg = Release|Any CPU
		{81C97105-EAEB-44EE-B77B-F6B8F7B2C399}.Release|Any CPU.Build.0 = Release|Any CPU
		{01133CA1-B18C-41BB-8BDC-0268DFCA6CA0}.Debug|Any CPU.ActiveCfg = Debug|Any CPU
		{01133CA1-B18C-41BB-8BDC-0268DFCA6CA0}.Debug|Any CPU.Build.0 = Debug|Any CPU
		{01133CA1-B18C-41BB-8BDC-0268DFCA6CA0}.Release|Any CPU.ActiveCfg = Release|Any CPU
		{01133CA1-B18C-41BB-8BDC-0268DFCA6CA0}.Release|Any CPU.Build.0 = Release|Any CPU
		{2EC91577-68D1-461F-B7F1-99C4B9354F52}.Debug|Any CPU.ActiveCfg = Debug|Any CPU
		{2EC91577-68D1-461F-B7F1-99C4B9354F52}.Debug|Any CPU.Build.0 = Debug|Any CPU
		{2EC91577-68D1-461F-B7F1-99C4B9354F52}.Release|Any CPU.ActiveCfg = Release|Any CPU
		{2EC91577-68D1-461F-B7F1-99C4B9354F52}.Release|Any CPU.Build.0 = Release|Any CPU
		{D6E7673A-BDD8-48FE-A2F4-8E0FA4C9E082}.Debug|Any CPU.ActiveCfg = Debug|Any CPU
		{D6E7673A-BDD8-48FE-A2F4-8E0FA4C9E082}.Debug|Any CPU.Build.0 = Debug|Any CPU
		{D6E7673A-BDD8-48FE-A2F4-8E0FA4C9E082}.Release|Any CPU.ActiveCfg = Release|Any CPU
		{D6E7673A-BDD8-48FE-A2F4-8E0FA4C9E082}.Release|Any CPU.Build.0 = Release|Any CPU
		{6532B4C0-DC77-49BE-8B1C-330A4E63232C}.Debug|Any CPU.ActiveCfg = Debug|Any CPU
		{6532B4C0-DC77-49BE-8B1C-330A4E63232C}.Debug|Any CPU.Build.0 = Debug|Any CPU
		{6532B4C0-DC77-49BE-8B1C-330A4E63232C}.Release|Any CPU.ActiveCfg = Release|Any CPU
		{6532B4C0-DC77-49BE-8B1C-330A4E63232C}.Release|Any CPU.Build.0 = Release|Any CPU
	EndGlobalSection
	GlobalSection(SolutionProperties) = preSolution
		HideSolutionNode = FALSE
	EndGlobalSection
	GlobalSection(ExtensibilityGlobals) = postSolution
		SolutionGuid = {D7B5589B-EA9E-4143-BCC5-2198DBAF1575}
	EndGlobalSection
EndGlobal
